PODS:
  - Flutter (1.0.0)
  - ObjectBox (4.3.0)
  - objectbox_flutter_libs (0.0.1):
    - Flutter
    - ObjectBox (= 4.3.0)

DEPENDENCIES:
  - Flutter (from `Flutter`)
  - objectbox_flutter_libs (from `.symlinks/plugins/objectbox_flutter_libs/ios`)

SPEC REPOS:
  trunk:
    - ObjectBox

EXTERNAL SOURCES:
  Flutter:
    :path: Flutter
  objectbox_flutter_libs:
    :path: ".symlinks/plugins/objectbox_flutter_libs/ios"

SPEC CHECKSUMS:
  Flutter: cabc95a1d2626b1b06e7179b784ebcf0c0cde467
  ObjectBox: 7760fa9072adcffe102a6adf4646ca84ba70ab6b
  objectbox_flutter_libs: 4014e38f57250b074b99893ae84579aba8f02876

PODFILE CHECKSUM: a18071b4f42fa7d970b52e826eb350f9628df6e6

COCOAPODS: 1.16.2
